
Microsoft Visual Studio Solution File, Format Version 12.00
# Visual Studio Version 17
VisualStudioVersion = 17.7.34031.279
MinimumVisualStudioVersion = 10.0.40219.1
Project("{2150E333-8FDC-42A3-9474-1A3956D46DE8}") = "2024", "2024", "{A77CE877-8CCC-4173-9A1B-0F0DB8144334}"
EndProject
Project("{2150E333-8FDC-42A3-9474-1A3956D46DE8}") = "7Kyu", "7Kyu", "{1B07C0A3-E2DF-45E0-9433-062120E285CC}"
EndProject
Project("{9A19103F-16F7-4668-BE54-9A1E7A4F7556}") = "LookingForABenefactor", "LookingForABenefactor\LookingForABenefactor.csproj", "{A80AFF80-8652-41C8-9F69-3E2A267DA77F}"
EndProject
Project("{9A19103F-16F7-4668-BE54-9A1E7A4F7556}") = "Offload Your Work", "Offload Your Work\Offload Your Work.csproj", "{4CE6168A-58F7-47EB-8745-ED3B80AE0DC2}"
EndProject
Project("{9A19103F-16F7-4668-BE54-9A1E7A4F7556}") = "Ones' Complement", "Ones' Complement\Ones' Complement.csproj", "{729992B2-A931-47BF-A1F5-813AC799A1C2}"
EndProject
Project("{9A19103F-16F7-4668-BE54-9A1E7A4F7556}") = "Password System", "Password System\Password System.csproj", "{C1005774-C809-4782-BCFA-C6EA8DA55F9B}"
EndProject
Project("{9A19103F-16F7-4668-BE54-9A1E7A4F7556}") = "Pernicious Numbers", "Pernicious Numbers\Pernicious Numbers.csproj", "{5B9DD9C4-E83C-417B-8B2D-5DDED566F6A1}"
EndProject
Project("{9A19103F-16F7-4668-BE54-9A1E7A4F7556}") = "Cats and shelves", "How Green Is My Valley\Cats and shelves.csproj", "{4E1FF063-262F-4FF0-BB59-B5C67FA12705}"
EndProject
Project("{9A19103F-16F7-4668-BE54-9A1E7A4F7556}") = "Number of Rectangles in a Grid", "Number of Rectangles in a Grid\Number of Rectangles in a Grid.csproj", "{3DD51564-722B-477C-839B-8D6660FDFE5F}"
EndProject
Project("{9A19103F-16F7-4668-BE54-9A1E7A4F7556}") = "Product Of Maximums Of Array (Array Series #2)", "Product Of Maximums Of Array (Array Series #2)\Product Of Maximums Of Array (Array Series #2).csproj", "{776A4143-09E1-47DE-9E83-76463C7626CF}"
EndProject
Project("{9A19103F-16F7-4668-BE54-9A1E7A4F7556}") = "Which section did you scroll to", "Which section did you scroll to\Which section did you scroll to.csproj", "{4A777307-0EA9-45ED-AC88-86DAE5EE3DB3}"
EndProject
Project("{9A19103F-16F7-4668-BE54-9A1E7A4F7556}") = "Love vs friendship", "Alphabetical Addition\Love vs friendship.csproj", "{81C4C2D3-5E18-4A70-9307-69BCF47EB7E6}"
EndProject
Project("{9A19103F-16F7-4668-BE54-9A1E7A4F7556}") = "Are the numbers in order", "Are the numbers in order\Are the numbers in order.csproj", "{FB961A35-C450-4C4E-8F73-5E49D08D1FAC}"
EndProject
Project("{9A19103F-16F7-4668-BE54-9A1E7A4F7556}") = "Sum of a sequence", "Sum of a sequence\Sum of a sequence.csproj", "{CA76E12A-1AE0-4C0B-B1DB-A578EC6126DC}"
EndProject
Project("{FAE04EC0-301F-11D3-BF4B-00C04F79EFBC}") = "Simple Fun #199 Pass The Bill", "Simple Fun #199 Pass The Bill\Simple Fun #199 Pass The Bill.csproj", "{3C5BBFA9-B26B-473F-88DB-338FDEB75E88}"
EndProject
Project("{FAE04EC0-301F-11D3-BF4B-00C04F79EFBC}") = "Smallest value of an array", "Smallest value of an array\Smallest value of an array.csproj", "{5DE29CA2-3312-4A4B-9C78-50AE4F1A4681}"
EndProject
Project("{FAE04EC0-301F-11D3-BF4B-00C04F79EFBC}") = "Candy problem", "Candy problem\Candy problem.csproj", "{2E9A93F4-0951-4AF5-9C90-5EE0F0A39A8E}"
EndProject
Global
	GlobalSection(SolutionConfigurationPlatforms) = preSolution
		Debug|Any CPU = Debug|Any CPU
		Release|Any CPU = Release|Any CPU
	EndGlobalSection
	GlobalSection(ProjectConfigurationPlatforms) = postSolution
		{A80AFF80-8652-41C8-9F69-3E2A267DA77F}.Debug|Any CPU.ActiveCfg = Debug|Any CPU
		{A80AFF80-8652-41C8-9F69-3E2A267DA77F}.Debug|Any CPU.Build.0 = Debug|Any CPU
		{A80AFF80-8652-41C8-9F69-3E2A267DA77F}.Release|Any CPU.ActiveCfg = Release|Any CPU
		{A80AFF80-8652-41C8-9F69-3E2A267DA77F}.Release|Any CPU.Build.0 = Release|Any CPU
		{4CE6168A-58F7-47EB-8745-ED3B80AE0DC2}.Debug|Any CPU.ActiveCfg = Debug|Any CPU
		{4CE6168A-58F7-47EB-8745-ED3B80AE0DC2}.Debug|Any CPU.Build.0 = Debug|Any CPU
		{4CE6168A-58F7-47EB-8745-ED3B80AE0DC2}.Release|Any CPU.ActiveCfg = Release|Any CPU
		{4CE6168A-58F7-47EB-8745-ED3B80AE0DC2}.Release|Any CPU.Build.0 = Release|Any CPU
		{729992B2-A931-47BF-A1F5-813AC799A1C2}.Debug|Any CPU.ActiveCfg = Debug|Any CPU
		{729992B2-A931-47BF-A1F5-813AC799A1C2}.Debug|Any CPU.Build.0 = Debug|Any CPU
		{729992B2-A931-47BF-A1F5-813AC799A1C2}.Release|Any CPU.ActiveCfg = Release|Any CPU
		{729992B2-A931-47BF-A1F5-813AC799A1C2}.Release|Any CPU.Build.0 = Release|Any CPU
		{C1005774-C809-4782-BCFA-C6EA8DA55F9B}.Debug|Any CPU.ActiveCfg = Debug|Any CPU
		{C1005774-C809-4782-BCFA-C6EA8DA55F9B}.Debug|Any CPU.Build.0 = Debug|Any CPU
		{C1005774-C809-4782-BCFA-C6EA8DA55F9B}.Release|Any CPU.ActiveCfg = Release|Any CPU
		{C1005774-C809-4782-BCFA-C6EA8DA55F9B}.Release|Any CPU.Build.0 = Release|Any CPU
		{5B9DD9C4-E83C-417B-8B2D-5DDED566F6A1}.Debug|Any CPU.ActiveCfg = Debug|Any CPU
		{5B9DD9C4-E83C-417B-8B2D-5DDED566F6A1}.Debug|Any CPU.Build.0 = Debug|Any CPU
		{5B9DD9C4-E83C-417B-8B2D-5DDED566F6A1}.Release|Any CPU.ActiveCfg = Release|Any CPU
		{5B9DD9C4-E83C-417B-8B2D-5DDED566F6A1}.Release|Any CPU.Build.0 = Release|Any CPU
		{4E1FF063-262F-4FF0-BB59-B5C67FA12705}.Debug|Any CPU.ActiveCfg = Debug|Any CPU
		{4E1FF063-262F-4FF0-BB59-B5C67FA12705}.Debug|Any CPU.Build.0 = Debug|Any CPU
		{4E1FF063-262F-4FF0-BB59-B5C67FA12705}.Release|Any CPU.ActiveCfg = Release|Any CPU
		{4E1FF063-262F-4FF0-BB59-B5C67FA12705}.Release|Any CPU.Build.0 = Release|Any CPU
		{3DD51564-722B-477C-839B-8D6660FDFE5F}.Debug|Any CPU.ActiveCfg = Debug|Any CPU
		{3DD51564-722B-477C-839B-8D6660FDFE5F}.Debug|Any CPU.Build.0 = Debug|Any CPU
		{3DD51564-722B-477C-839B-8D6660FDFE5F}.Release|Any CPU.ActiveCfg = Release|Any CPU
		{3DD51564-722B-477C-839B-8D6660FDFE5F}.Release|Any CPU.Build.0 = Release|Any CPU
		{776A4143-09E1-47DE-9E83-76463C7626CF}.Debug|Any CPU.ActiveCfg = Debug|Any CPU
		{776A4143-09E1-47DE-9E83-76463C7626CF}.Debug|Any CPU.Build.0 = Debug|Any CPU
		{776A4143-09E1-47DE-9E83-76463C7626CF}.Release|Any CPU.ActiveCfg = Release|Any CPU
		{776A4143-09E1-47DE-9E83-76463C7626CF}.Release|Any CPU.Build.0 = Release|Any CPU
		{4A777307-0EA9-45ED-AC88-86DAE5EE3DB3}.Debug|Any CPU.ActiveCfg = Debug|Any CPU
		{4A777307-0EA9-45ED-AC88-86DAE5EE3DB3}.Debug|Any CPU.Build.0 = Debug|Any CPU
		{4A777307-0EA9-45ED-AC88-86DAE5EE3DB3}.Release|Any CPU.ActiveCfg = Release|Any CPU
		{4A777307-0EA9-45ED-AC88-86DAE5EE3DB3}.Release|Any CPU.Build.0 = Release|Any CPU
		{81C4C2D3-5E18-4A70-9307-69BCF47EB7E6}.Debug|Any CPU.ActiveCfg = Debug|Any CPU
		{81C4C2D3-5E18-4A70-9307-69BCF47EB7E6}.Debug|Any CPU.Build.0 = Debug|Any CPU
		{81C4C2D3-5E18-4A70-9307-69BCF47EB7E6}.Release|Any CPU.ActiveCfg = Release|Any CPU
		{81C4C2D3-5E18-4A70-9307-69BCF47EB7E6}.Release|Any CPU.Build.0 = Release|Any CPU
		{FB961A35-C450-4C4E-8F73-5E49D08D1FAC}.Debug|Any CPU.ActiveCfg = Debug|Any CPU
		{FB961A35-C450-4C4E-8F73-5E49D08D1FAC}.Debug|Any CPU.Build.0 = Debug|Any CPU
		{FB961A35-C450-4C4E-8F73-5E49D08D1FAC}.Release|Any CPU.ActiveCfg = Release|Any CPU
		{FB961A35-C450-4C4E-8F73-5E49D08D1FAC}.Release|Any CPU.Build.0 = Release|Any CPU
		{CA76E12A-1AE0-4C0B-B1DB-A578EC6126DC}.Debug|Any CPU.ActiveCfg = Debug|Any CPU
		{CA76E12A-1AE0-4C0B-B1DB-A578EC6126DC}.Debug|Any CPU.Build.0 = Debug|Any CPU
		{CA76E12A-1AE0-4C0B-B1DB-A578EC6126DC}.Release|Any CPU.ActiveCfg = Release|Any CPU
		{CA76E12A-1AE0-4C0B-B1DB-A578EC6126DC}.Release|Any CPU.Build.0 = Release|Any CPU
		{3C5BBFA9-B26B-473F-88DB-338FDEB75E88}.Debug|Any CPU.ActiveCfg = Debug|Any CPU
		{3C5BBFA9-B26B-473F-88DB-338FDEB75E88}.Debug|Any CPU.Build.0 = Debug|Any CPU
		{3C5BBFA9-B26B-473F-88DB-338FDEB75E88}.Release|Any CPU.ActiveCfg = Release|Any CPU
		{3C5BBFA9-B26B-473F-88DB-338FDEB75E88}.Release|Any CPU.Build.0 = Release|Any CPU
		{5DE29CA2-3312-4A4B-9C78-50AE4F1A4681}.Debug|Any CPU.ActiveCfg = Debug|Any CPU
		{5DE29CA2-3312-4A4B-9C78-50AE4F1A4681}.Debug|Any CPU.Build.0 = Debug|Any CPU
		{5DE29CA2-3312-4A4B-9C78-50AE4F1A4681}.Release|Any CPU.ActiveCfg = Release|Any CPU
		{5DE29CA2-3312-4A4B-9C78-50AE4F1A4681}.Release|Any CPU.Build.0 = Release|Any CPU
		{2E9A93F4-0951-4AF5-9C90-5EE0F0A39A8E}.Debug|Any CPU.ActiveCfg = Debug|Any CPU
		{2E9A93F4-0951-4AF5-9C90-5EE0F0A39A8E}.Debug|Any CPU.Build.0 = Debug|Any CPU
		{2E9A93F4-0951-4AF5-9C90-5EE0F0A39A8E}.Release|Any CPU.ActiveCfg = Release|Any CPU
		{2E9A93F4-0951-4AF5-9C90-5EE0F0A39A8E}.Release|Any CPU.Build.0 = Release|Any CPU
	EndGlobalSection
	GlobalSection(SolutionProperties) = preSolution
		HideSolutionNode = FALSE
	EndGlobalSection
	GlobalSection(NestedProjects) = preSolution
		{1B07C0A3-E2DF-45E0-9433-062120E285CC} = {A77CE877-8CCC-4173-9A1B-0F0DB8144334}
		{A80AFF80-8652-41C8-9F69-3E2A267DA77F} = {1B07C0A3-E2DF-45E0-9433-062120E285CC}
		{4CE6168A-58F7-47EB-8745-ED3B80AE0DC2} = {1B07C0A3-E2DF-45E0-9433-062120E285CC}
		{729992B2-A931-47BF-A1F5-813AC799A1C2} = {1B07C0A3-E2DF-45E0-9433-062120E285CC}
		{C1005774-C809-4782-BCFA-C6EA8DA55F9B} = {1B07C0A3-E2DF-45E0-9433-062120E285CC}
		{5B9DD9C4-E83C-417B-8B2D-5DDED566F6A1} = {1B07C0A3-E2DF-45E0-9433-062120E285CC}
		{4E1FF063-262F-4FF0-BB59-B5C67FA12705} = {1B07C0A3-E2DF-45E0-9433-062120E285CC}
		{3DD51564-722B-477C-839B-8D6660FDFE5F} = {1B07C0A3-E2DF-45E0-9433-062120E285CC}
		{776A4143-09E1-47DE-9E83-76463C7626CF} = {1B07C0A3-E2DF-45E0-9433-062120E285CC}
		{4A777307-0EA9-45ED-AC88-86DAE5EE3DB3} = {1B07C0A3-E2DF-45E0-9433-062120E285CC}
		{81C4C2D3-5E18-4A70-9307-69BCF47EB7E6} = {1B07C0A3-E2DF-45E0-9433-062120E285CC}
		{FB961A35-C450-4C4E-8F73-5E49D08D1FAC} = {1B07C0A3-E2DF-45E0-9433-062120E285CC}
		{CA76E12A-1AE0-4C0B-B1DB-A578EC6126DC} = {1B07C0A3-E2DF-45E0-9433-062120E285CC}
		{3C5BBFA9-B26B-473F-88DB-338FDEB75E88} = {1B07C0A3-E2DF-45E0-9433-062120E285CC}
		{5DE29CA2-3312-4A4B-9C78-50AE4F1A4681} = {1B07C0A3-E2DF-45E0-9433-062120E285CC}
		{2E9A93F4-0951-4AF5-9C90-5EE0F0A39A8E} = {1B07C0A3-E2DF-45E0-9433-062120E285CC}
	EndGlobalSection
	GlobalSection(ExtensibilityGlobals) = postSolution
		SolutionGuid = {69CB2B85-4FB2-4497-9280-9F5A461DC6EF}
	EndGlobalSection
EndGlobal
